// !$*UTF8*$!
{
	archiveVersion = 1;
	classes = {
	};
	objectVersion = 55;
	objects = {

/* Begin PBXBuildFile section */
		106E36CE28951C7F00EDC138 /* AppDelegate.swift in Sources */ = {isa = PBXBuildFile; fileRef = 106E36CD28951C7F00EDC138 /* AppDelegate.swift */; };
		106E36D028951C7F00EDC138 /* SceneDelegate.swift in Sources */ = {isa = PBXBuildFile; fileRef = 106E36CF28951C7F00EDC138 /* SceneDelegate.swift */; };
		106E36D228951C7F00EDC138 /* ViewController.swift in Sources */ = {isa = PBXBuildFile; fileRef = 106E36D128951C7F00EDC138 /* ViewController.swift */; };
		106E36D828951C7F00EDC138 /* Reminders_swift.xcdatamodeld in Sources */ = {isa = PBXBuildFile; fileRef = 106E36D628951C7F00EDC138 /* Reminders_swift.xcdatamodeld */; };
		106E36DA28951C8500EDC138 /* Assets.xcassets in Resources */ = {isa = PBXBuildFile; fileRef = 106E36D928951C8500EDC138 /* Assets.xcassets */; };
		106E36DD28951C8500EDC138 /* LaunchScreen.storyboard in Resources */ = {isa = PBXBuildFile; fileRef = 106E36DB28951C8500EDC138 /* LaunchScreen.storyboard */; };
		106E36E828951C8500EDC138 /* Reminders_swiftTests.swift in Sources */ = {isa = PBXBuildFile; fileRef = 106E36E728951C8500EDC138 /* Reminders_swiftTests.swift */; };
		106E36F228951C8500EDC138 /* Reminders_swiftUITests.swift in Sources */ = {isa = PBXBuildFile; fileRef = 106E36F128951C8500EDC138 /* Reminders_swiftUITests.swift */; };
		106E36F428951C8500EDC138 /* Reminders_swiftUITestsLaunchTests.swift in Sources */ = {isa = PBXBuildFile; fileRef = 106E36F328951C8500EDC138 /* Reminders_swiftUITestsLaunchTests.swift */; };
		106E370128951D2400EDC138 /* AddViewController.swift in Sources */ = {isa = PBXBuildFile; fileRef = 106E370028951D2300EDC138 /* AddViewController.swift */; };
		106E370428951D6D00EDC138 /* Main.storyboard in Resources */ = {isa = PBXBuildFile; fileRef = 106E370228951D6D00EDC138 /* Main.storyboard */; };
/* End PBXBuildFile section */

/* Begin PBXContainerItemProxy section */
		106E36E428951C8500EDC138 /* PBXContainerItemProxy */ = {
			isa = PBXContainerItemProxy;
			containerPortal = 106E36C228951C7F00EDC138 /* Project object */;
			proxyType = 1;
			remoteGlobalIDString = 106E36C928951C7F00EDC138;
			remoteInfo = Reminders_swift;
		};
		106E36EE28951C8500EDC138 /* PBXContainerItemProxy */ = {
			isa = PBXContainerItemProxy;
			containerPortal = 106E36C228951C7F00EDC138 /* Project object */;
			proxyType = 1;
			remoteGlobalIDString = 106E36C928951C7F00EDC138;
			remoteInfo = Reminders_swift;
		};
/* End PBXContainerItemProxy section */

/* Begin PBXFileReference section */
		106E36CA28951C7F00EDC138 /* Reminders_swift.app */ = {isa = PBXFileReference; explicitFileType = wrapper.application; includeInIndex = 0; path = Reminders_swift.app; sourceTree = BUILT_PRODUCTS_DIR; };
		106E36CD28951C7F00EDC138 /* AppDelegate.swift */ = {isa = PBXFileReference; lastKnownFileType = sourcecode.swift; path = AppDelegate.swift; sourceTree = "<group>"; };
		106E36CF28951C7F00EDC138 /* SceneDelegate.swift */ = {isa = PBXFileReference; lastKnownFileType = sourcecode.swift; path = SceneDelegate.swift; sourceTree = "<group>"; };
		106E36D128951C7F00EDC138 /* ViewController.swift */ = {isa = PBXFileReference; lastKnownFileType = sourcecode.swift; path = ViewController.swift; sourceTree = "<group>"; };
		106E36D728951C7F00EDC138 /* Reminders_swift.xcdatamodel */ = {isa = PBXFileReference; lastKnownFileType = wrapper.xcdatamodel; path = Reminders_swift.xcdatamodel; sourceTree = "<group>"; };
		106E36D928951C8500EDC138 /* Assets.xcassets */ = {isa = PBXFileReference; lastKnownFileType = folder.assetcatalog; path = Assets.xcassets; sourceTree = "<group>"; };
		106E36DC28951C8500EDC138 /* Base */ = {isa = PBXFileReference; lastKnownFileType = file.storyboard; name = Base; path = Base.lproj/LaunchScreen.storyboard; sourceTree = "<group>"; };
		106E36DE28951C8500EDC138 /* Info.plist */ = {isa = PBXFileReference; lastKnownFileType = text.plist.xml; path = Info.plist; sourceTree = "<group>"; };
		106E36E328951C8500EDC138 /* Reminders_swiftTests.xctest */ = {isa = PBXFileReference; explicitFileType = wrapper.cfbundle; includeInIndex = 0; path = Reminders_swiftTests.xctest; sourceTree = BUILT_PRODUCTS_DIR; };
		106E36E728951C8500EDC138 /* Reminders_swiftTests.swift */ = {isa = PBXFileReference; lastKnownFileType = sourcecode.swift; path = Reminders_swiftTests.swift; sourceTree = "<group>"; };
		106E36ED28951C8500EDC138 /* Reminders_swiftUITests.xctest */ = {isa = PBXFileReference; explicitFileType = wrapper.cfbundle; includeInIndex = 0; path = Reminders_swiftUITests.xctest; sourceTree = BUILT_PRODUCTS_DIR; };
		106E36F128951C8500EDC138 /* Reminders_swiftUITests.swift */ = {isa = PBXFileReference; lastKnownFileType = sourcecode.swift; path = Reminders_swiftUITests.swift; sourceTree = "<group>"; };
		106E36F328951C8500EDC138 /* Reminders_swiftUITestsLaunchTests.swift */ = {isa = PBXFileReference; lastKnownFileType = sourcecode.swift; path = Reminders_swiftUITestsLaunchTests.swift; sourceTree = "<group>"; };
		106E370028951D2300EDC138 /* AddViewController.swift */ = {isa = PBXFileReference; fileEncoding = 4; lastKnownFileType = sourcecode.swift; name = AddViewController.swift; path = "../../../../Downloads/swift-reminders-app-main/MyReminders/AddViewController.swift"; sourceTree = "<group>"; };
		106E370328951D6D00EDC138 /* Base */ = {isa = PBXFileReference; lastKnownFileType = file.storyboard; name = Base; path = "../../../../Downloads/swift-reminders-app-main/MyReminders/Base.lproj/Main.storyboard"; sourceTree = "<group>"; };
/* End PBXFileReference section */

/* Begin PBXFrameworksBuildPhase section */
		106E36C728951C7F00EDC138 /* Frameworks */ = {
			isa = PBXFrameworksBuildPhase;
			buildActionMask = 2147483647;
			files = (
			);
			runOnlyForDeploymentPostprocessing = 0;
		};
		106E36E028951C8500EDC138 /* Frameworks */ = {
			isa = PBXFrameworksBuildPhase;
			buildActionMask = 2147483647;
			files = (
			);
			runOnlyForDeploymentPostprocessing = 0;
		};
		106E36EA28951C8500EDC138 /* Frameworks */ = {
			isa = PBXFrameworksBuildPhase;
			buildActionMask = 2147483647;
			files = (
			);
			runOnlyForDeploymentPostprocessing = 0;
		};
/* End PBXFrameworksBuildPhase section */

/* Begin PBXGroup section */
		106E36C128951C7F00EDC138 = {
			isa = PBXGroup;
			children = (
				106E36CC28951C7F00EDC138 /* Reminders_swift */,
				106E36E628951C8500EDC138 /* Reminders_swiftTests */,
				106E36F028951C8500EDC138 /* Reminders_swiftUITests */,
				106E36CB28951C7F00EDC138 /* Products */,
			);
			sourceTree = "<group>";
		};
		106E36CB28951C7F00EDC138 /* Products */ = {
			isa = PBXGroup;
			children = (
				106E36CA28951C7F00EDC138 /* Reminders_swift.app */,
				106E36E328951C8500EDC138 /* Reminders_swiftTests.xctest */,
				106E36ED28951C8500EDC138 /* Reminders_swiftUITests.xctest */,
			);
			name = Products;
			sourceTree = "<group>";
		};
		106E36CC28951C7F00EDC138 /* Reminders_swift */ = {
			isa = PBXGroup;
			children = (
				106E36CD28951C7F00EDC138 /* AppDelegate.swift */,
				106E36CF28951C7F00EDC138 /* SceneDelegate.swift */,
				106E36D128951C7F00EDC138 /* ViewController.swift */,
				106E370028951D2300EDC138 /* AddViewController.swift */,
				106E370228951D6D00EDC138 /* Main.storyboard */,
				106E36D928951C8500EDC138 /* Assets.xcassets */,
				106E36DB28951C8500EDC138 /* LaunchScreen.storyboard */,
				106E36DE28951C8500EDC138 /* Info.plist */,
				106E36D628951C7F00EDC138 /* Reminders_swift.xcdatamodeld */,
			);
			path = Reminders_swift;
			sourceTree = "<group>";
		};
		106E36E628951C8500EDC138 /* Reminders_swiftTests */ = {
			isa = PBXGroup;
			children = (
				106E36E728951C8500EDC138 /* Reminders_swiftTests.swift */,
			);
			path = Reminders_swiftTests;
			sourceTree = "<group>";
		};
		106E36F028951C8500EDC138 /* Reminders_swiftUITests */ = {
			isa = PBXGroup;
			children = (
				106E36F128951C8500EDC138 /* Reminders_swiftUITests.swift */,
				106E36F328951C8500EDC138 /* Reminders_swiftUITestsLaunchTests.swift */,
			);
			path = Reminders_swiftUITests;
			sourceTree = "<group>";
		};
/* End PBXGroup section */

/* Begin PBXNativeTarget section */
		106E36C928951C7F00EDC138 /* Reminders_swift */ = {
			isa = PBXNativeTarget;
			buildConfigurationList = 106E36F728951C8500EDC138 /* Build configuration list for PBXNativeTarget "Reminders_swift" */;
			buildPhases = (
				106E36C628951C7F00EDC138 /* Sources */,
				106E36C728951C7F00EDC138 /* Frameworks */,
				106E36C828951C7F00EDC138 /* Resources */,
			);
			buildRules = (
			);
			dependencies = (
			);
			name = Reminders_swift;
			productName = Reminders_swift;
			productReference = 106E36CA28951C7F00EDC138 /* Reminders_swift.app */;
			productType = "com.apple.product-type.application";
		};
		106E36E228951C8500EDC138 /* Reminders_swiftTests */ = {
			isa = PBXNativeTarget;
			buildConfigurationList = 106E36FA28951C8500EDC138 /* Build configuration list for PBXNativeTarget "Reminders_swiftTests" */;
			buildPhases = (
				106E36DF28951C8500EDC138 /* Sources */,
				106E36E028951C8500EDC138 /* Frameworks */,
				106E36E128951C8500EDC138 /* Resources */,
			);
			buildRules = (
			);
			dependencies = (
				106E36E528951C8500EDC138 /* PBXTargetDependency */,
			);
			name = Reminders_swiftTests;
			productName = Reminders_swiftTests;
			productReference = 106E36E328951C8500EDC138 /* Reminders_swiftTests.xctest */;
			productType = "com.apple.product-type.bundle.unit-test";
		};
		106E36EC28951C8500EDC138 /* Reminders_swiftUITests */ = {
			isa = PBXNativeTarget;
			buildConfigurationList = 106E36FD28951C8500EDC138 /* Build configuration list for PBXNativeTarget "Reminders_swiftUITests" */;
			buildPhases = (
				106E36E928951C8500EDC138 /* Sources */,
				106E36EA28951C8500EDC138 /* Frameworks */,
				106E36EB28951C8500EDC138 /* Resources */,
			);
			buildRules = (
			);
			dependencies = (
				106E36EF28951C8500EDC138 /* PBXTargetDependency */,
			);
			name = Reminders_swiftUITests;
			productName = Reminders_swiftUITests;
			productReference = 106E36ED28951C8500EDC138 /* Reminders_swiftUITests.xctest */;
			productType = "com.apple.product-type.bundle.ui-testing";
		};
/* End PBXNativeTarget section */

/* Begin PBXProject section */
		106E36C228951C7F00EDC138 /* Project object */ = {
			isa = PBXProject;
			attributes = {
				BuildIndependentTargetsInParallel = 1;
				LastSwiftUpdateCheck = 1340;
				LastUpgradeCheck = 1340;
				TargetAttributes = {
					106E36C928951C7F00EDC138 = {
						CreatedOnToolsVersion = 13.4.1;
					};
					106E36E228951C8500EDC138 = {
						CreatedOnToolsVersion = 13.4.1;
						TestTargetID = 106E36C928951C7F00EDC138;
					};
					106E36EC28951C8500EDC138 = {
						CreatedOnToolsVersion = 13.4.1;
						TestTargetID = 106E36C928951C7F00EDC138;
					};
				};
			};
			buildConfigurationList = 106E36C528951C7F00EDC138 /* Build configuration list for PBXProject "Reminders_swift" */;
			compatibilityVersion = "Xcode 13.0";
			developmentRegion = en;
			hasScannedForEncodings = 0;
			knownRegions = (
				en,
				Base,
			);
			mainGroup = 106E36C128951C7F00EDC138;
			productRefGroup = 106E36CB28951C7F00EDC138 /* Products */;
			projectDirPath = "";
			projectRoot = "";
			targets = (
				106E36C928951C7F00EDC138 /* Reminders_swift */,
				106E36E228951C8500EDC138 /* Reminders_swiftTests */,
				106E36EC28951C8500EDC138 /* Reminders_swiftUITests */,
			);
		};
/* End PBXProject section */

/* Begin PBXResourcesBuildPhase section */
		106E36C828951C7F00EDC138 /* Resources */ = {
			isa = PBXResourcesBuildPhase;
			buildActionMask = 2147483647;
			files = (
				106E36DD28951C8500EDC138 /* LaunchScreen.storyboard in Resources */,
				106E36DA28951C8500EDC138 /* Assets.xcassets in Resources */,
				106E370428951D6D00EDC138 /* Main.storyboard in Resources */,
			);
			runOnlyForDeploymentPostprocessing = 0;
		};
		106E36E128951C8500EDC138 /* Resources */ = {
			isa = PBXResourcesBuildPhase;
			buildActionMask = 2147483647;
			files = (
			);
			runOnlyForDeploymentPostprocessing = 0;
		};
		106E36EB28951C8500EDC138 /* Resources */ = {
			isa = PBXResourcesBuildPhase;
			buildActionMask = 2147483647;
			files = (
			);
			runOnlyForDeploymentPostprocessing = 0;
		};
/* End PBXResourcesBuildPhase section */

/* Begin PBXSourcesBuildPhase section */
		106E36C628951C7F00EDC138 /* Sources */ = {
			isa = PBXSourcesBuildPhase;
			buildActionMask = 2147483647;
			files = (
				106E370128951D2400EDC138 /* AddViewController.swift in Sources */,
				106E36D228951C7F00EDC138 /* ViewController.swift in Sources */,
				106E36D828951C7F00EDC138 /* Reminders_swift.xcdatamodeld in Sources */,
				106E36CE28951C7F00EDC138 /* AppDelegate.swift in Sources */,
				106E36D028951C7F00EDC138 /* SceneDelegate.swift in Sources */,
			);
			runOnlyForDeploymentPostprocessing = 0;
		};
		106E36DF28951C8500EDC138 /* Sources */ = {
			isa = PBXSourcesBuildPhase;
			buildActionMask = 2147483647;
			files = (
				106E36E828951C8500EDC138 /* Reminders_swiftTests.swift in Sources */,
			);
			runOnlyForDeploymentPostprocessing = 0;
		};
		106E36E928951C8500EDC138 /* Sources */ = {
			isa = PBXSourcesBuildPhase;
			buildActionMask = 2147483647;
			files = (
				106E36F428951C8500EDC138 /* Reminders_swiftUITestsLaunchTests.swift in Sources */,
				106E36F228951C8500EDC138 /* Reminders_swiftUITests.swift in Sources */,
			);
			runOnlyForDeploymentPostprocessing = 0;
		};
/* End PBXSourcesBuildPhase section */

/* Begin PBXTargetDependency section */
		106E36E528951C8500EDC138 /* PBXTargetDependency */ = {
			isa = PBXTargetDependency;
			target = 106E36C928951C7F00EDC138 /* Reminders_swift */;
			targetProxy = 106E36E428951C8500EDC138 /* PBXContainerItemProxy */;
		};
		106E36EF28951C8500EDC138 /* PBXTargetDependency */ = {
			isa = PBXTargetDependency;
			target = 106E36C928951C7F00EDC138 /* Reminders_swift */;
			targetProxy = 106E36EE28951C8500EDC138 /* PBXContainerItemProxy */;
		};
/* End PBXTargetDependency section */

/* Begin PBXVariantGroup section */
		106E36DB28951C8500EDC138 /* LaunchScreen.storyboard */ = {
			isa = PBXVariantGroup;
			children = (
				106E36DC28951C8500EDC138 /* Base */,
			);
			name = LaunchScreen.storyboard;
			sourceTree = "<group>";
		};
		106E370228951D6D00EDC138 /* Main.storyboard */ = {
			isa = PBXVariantGroup;
			children = (
				106E370328951D6D00EDC138 /* Base */,
			);
			name = Main.storyboard;
			sourceTree = "<group>";
		};
/* End PBXVariantGroup section */

/* Begin XCBuildConfiguration section */
		106E36F528951C8500EDC138 /* Debug */ = {
			isa = XCBuildConfiguration;
			buildSettings = {
				ALWAYS_SEARCH_USER_PATHS = NO;
				CLANG_ANALYZER_NONNULL = YES;
				CLANG_ANALYZER_NUMBER_OBJECT_CONVERSION = YES_AGGRESSIVE;
				CLANG_CXX_LANGUAGE_STANDARD = "gnu++17";
				CLANG_ENABLE_MODULES = YES;
				CLANG_ENABLE_OBJC_ARC = YES;
				CLANG_ENABLE_OBJC_WEAK = YES;
				CLANG_WARN_BLOCK_CAPTURE_AUTORELEASING = YES;
				CLANG_WARN_BOOL_CONVERSION = YES;
				CLANG_WARN_COMMA = YES;
				CLANG_WARN_CONSTANT_CONVERSION = YES;
				CLANG_WARN_DEPRECATED_OBJC_IMPLEMENTATIONS = YES;
				CLANG_WARN_DIRECT_OBJC_ISA_USAGE = YES_ERROR;
				CLANG_WARN_DOCUMENTATION_COMMENTS = YES;
				CLANG_WARN_EMPTY_BODY = YES;
				CLANG_WARN_ENUM_CONVERSION = YES;
				CLANG_WARN_INFINITE_RECURSION = YES;
				CLANG_WARN_INT_CONVERSION = YES;
				CLANG_WARN_NON_LITERAL_NULL_CONVERSION = YES;
				CLANG_WARN_OBJC_IMPLICIT_RETAIN_SELF = YES;
				CLANG_WARN_OBJC_LITERAL_CONVERSION = YES;
				CLANG_WARN_OBJC_ROOT_CLASS = YES_ERROR;
				CLANG_WARN_QUOTED_INCLUDE_IN_FRAMEWORK_HEADER = YES;
				CLANG_WARN_RANGE_LOOP_ANALYSIS = YES;
				CLANG_WARN_STRICT_PROTOTYPES = YES;
				CLANG_WARN_SUSPICIOUS_MOVE = YES;
				CLANG_WARN_UNGUARDED_AVAILABILITY = YES_AGGRESSIVE;
				CLANG_WARN_UNREACHABLE_CODE = YES;
				CLANG_WARN__DUPLICATE_METHOD_MATCH = YES;
				COPY_PHASE_STRIP = NO;
				DEBUG_INFORMATION_FORMAT = dwarf;
				ENABLE_STRICT_OBJC_MSGSEND = YES;
				ENABLE_TESTABILITY = YES;
				GCC_C_LANGUAGE_STANDARD = gnu11;
				GCC_DYNAMIC_NO_PIC = NO;
				GCC_NO_COMMON_BLOCKS = YES;
				GCC_OPTIMIZATION_LEVEL = 0;
				GCC_PREPROCESSOR_DEFINITIONS = (
					"DEBUG=1",
					"$(inherited)",
				);
				GCC_WARN_64_TO_32_BIT_CONVERSION = YES;
				GCC_WARN_ABOUT_RETURN_TYPE = YES_ERROR;
				GCC_WARN_UNDECLARED_SELECTOR = YES;
				GCC_WARN_UNINITIALIZED_AUTOS = YES_AGGRESSIVE;
				GCC_WARN_UNUSED_FUNCTION = YES;
				GCC_WARN_UNUSED_VARIABLE = YES;
				IPHONEOS_DEPLOYMENT_TARGET = 15.5;
				MTL_ENABLE_DEBUG_INFO = INCLUDE_SOURCE;
				MTL_FAST_MATH = YES;
				ONLY_ACTIVE_ARCH = YES;
				SDKROOT = iphoneos;
				SWIFT_ACTIVE_COMPILATION_CONDITIONS = DEBUG;
				SWIFT_OPTIMIZATION_LEVEL = "-Onone";
			};
			name = Debug;
		};
		106E36F628951C8500EDC138 /* Release */ = {
			isa = XCBuildConfiguration;
			buildSettings = {
				ALWAYS_SEARCH_USER_PATHS = NO;
				CLANG_ANALYZER_NONNULL = YES;
				CLANG_ANALYZER_NUMBER_OBJECT_CONVERSION = YES_AGGRESSIVE;
				CLANG_CXX_LANGUAGE_STANDARD = "gnu++17";
				CLANG_ENABLE_MODULES = YES;
				CLANG_ENABLE_OBJC_ARC = YES;
				CLANG_ENABLE_OBJC_WEAK = YES;
				CLANG_WARN_BLOCK_CAPTURE_AUTORELEASING = YES;
				CLANG_WARN_BOOL_CONVERSION = YES;
				CLANG_WARN_COMMA = YES;
				CLANG_WARN_CONSTANT_CONVERSION = YES;
				CLANG_WARN_DEPRECATED_OBJC_IMPLEMENTATIONS = YES;
				CLANG_WARN_DIRECT_OBJC_ISA_USAGE = YES_ERROR;
				CLANG_WARN_DOCUMENTATION_COMMENTS = YES;
				CLANG_WARN_EMPTY_BODY = YES;
				CLANG_WARN_ENUM_CONVERSION = YES;
				CLANG_WARN_INFINITE_RECURSION = YES;
				CLANG_WARN_INT_CONVERSION = YES;
				CLANG_WARN_NON_LITERAL_NULL_CONVERSION = YES;
				CLANG_WARN_OBJC_IMPLICIT_RETAIN_SELF = YES;
				CLANG_WARN_OBJC_LITERAL_CONVERSION = YES;
				CLANG_WARN_OBJC_ROOT_CLASS = YES_ERROR;
				CLANG_WARN_QUOTED_INCLUDE_IN_FRAMEWORK_HEADER = YES;
				CLANG_WARN_RANGE_LOOP_ANALYSIS = YES;
				CLANG_WARN_STRICT_PROTOTYPES = YES;
				CLANG_WARN_SUSPICIOUS_MOVE = YES;
				CLANG_WARN_UNGUARDED_AVAILABILITY = YES_AGGRESSIVE;
				CLANG_WARN_UNREACHABLE_CODE = YES;
				CLANG_WARN__DUPLICATE_METHOD_MATCH = YES;
				COPY_PHASE_STRIP = NO;
				DEBUG_INFORMATION_FORMAT = "dwarf-with-dsym";
				ENABLE_NS_ASSERTIONS = NO;
				ENABLE_STRICT_OBJC_MSGSEND = YES;
				GCC_C_LANGUAGE_STANDARD = gnu11;
				GCC_NO_COMMON_BLOCKS = YES;
				GCC_WARN_64_TO_32_BIT_CONVERSION = YES;
				GCC_WARN_ABOUT_RETURN_TYPE = YES_ERROR;
				GCC_WARN_UNDECLARED_SELECTOR = YES;
				GCC_WARN_UNINITIALIZED_AUTOS = YES_AGGRESSIVE;
				GCC_WARN_UNUSED_FUNCTION = YES;
				GCC_WARN_UNUSED_VARIABLE = YES;
				IPHONEOS_DEPLOYMENT_TARGET = 15.5;
				MTL_ENABLE_DEBUG_INFO = NO;
				MTL_FAST_MATH = YES;
				SDKROOT = iphoneos;
				SWIFT_COMPILATION_MODE = wholemodule;
				SWIFT_OPTIMIZATION_LEVEL = "-O";
				VALIDATE_PRODUCT = YES;
			};
			name = Release;
		};
		106E36F828951C8500EDC138 /* Debug */ = {
			isa = XCBuildConfiguration;
			buildSettings = {
				ASSETCATALOG_COMPILER_APPICON_NAME = AppIcon;
				ASSETCATALOG_COMPILER_GLOBAL_ACCENT_COLOR_NAME = AccentColor;
				CODE_SIGN_STYLE = Automatic;
				CURRENT_PROJECT_VERSION = 1;
				DEVELOPMENT_TEAM = T9ZVULXTV2;
				GENERATE_INFOPLIST_FILE = YES;
				INFOPLIST_FILE = Reminders_swift/Info.plist;
				INFOPLIST_KEY_UIApplicationSupportsIndirectInputEvents = YES;
				INFOPLIST_KEY_UILaunchStoryboardName = LaunchScreen;
				INFOPLIST_KEY_UIMainStoryboardFile = Main;
				INFOPLIST_KEY_UISupportedInterfaceOrientations_iPad = "UIInterfaceOrientationPortrait UIInterfaceOrientationPortraitUpsideDown UIInterfaceOrientationLandscapeLeft UIInterfaceOrientationLandscapeRight";
				INFOPLIST_KEY_UISupportedInterfaceOrientations_iPhone = "UIInterfaceOrientationPortrait UIInterfaceOrientationLandscapeLeft UIInterfaceOrientationLandscapeRight";
				LD_RUNPATH_SEARCH_PATHS = (
					"$(inherited)",
					"@executable_path/Frameworks",
				);
				MARKETING_VERSION = 1.0;
				PRODUCT_BUNDLE_IDENTIFIER = "Jamal-Gumasov.Reminders-swift";
				PRODUCT_NAME = "$(TARGET_NAME)";
				SWIFT_EMIT_LOC_STRINGS = YES;
				SWIFT_VERSION = 5.0;
				TARGETED_DEVICE_FAMILY = "1,2";
			};
			name = Debug;
		};
		106E36F928951C8500EDC138 /* Release */ = {
			isa = XCBuildConfiguration;
			buildSettings = {
				ASSETCATALOG_COMPILER_APPICON_NAME = AppIcon;
				ASSETCATALOG_COMPILER_GLOBAL_ACCENT_COLOR_NAME = AccentColor;
				CODE_SIGN_STYLE = Automatic;
				CURRENT_PROJECT_VERSION = 1;
				DEVELOPMENT_TEAM = T9ZVULXTV2;
				GENERATE_INFOPLIST_FILE = YES;
				INFOPLIST_FILE = Reminders_swift/Info.plist;
				INFOPLIST_KEY_UIApplicationSupportsIndirectInputEvents = YES;
				INFOPLIST_KEY_UILaunchStoryboardName = LaunchScreen;
				INFOPLIST_KEY_UIMainStoryboardFile = Main;
				INFOPLIST_KEY_UISupportedInterfaceOrientations_iPad = "UIInterfaceOrientationPortrait UIInterfaceOrientationPortraitUpsideDown UIInterfaceOrientationLandscapeLeft UIInterfaceOrientationLandscapeRight";
				INFOPLIST_KEY_UISupportedInterfaceOrientations_iPhone = "UIInterfaceOrientationPortrait UIInterfaceOrientationLandscapeLeft UIInterfaceOrientationLandscapeRight";
				LD_RUNPATH_SEARCH_PATHS = (
					"$(inherited)",
					"@executable_path/Frameworks",
				);
				MARKETING_VERSION = 1.0;
				PRODUCT_BUNDLE_IDENTIFIER = "Jamal-Gumasov.Reminders-swift";
				PRODUCT_NAME = "$(TARGET_NAME)";
				SWIFT_EMIT_LOC_STRINGS = YES;
				SWIFT_VERSION = 5.0;
				TARGETED_DEVICE_FAMILY = "1,2";
			};
			name = Release;
		};
		106E36FB28951C8500EDC138 /* Debug */ = {
			isa = XCBuildConfiguration;
			buildSettings = {
				ALWAYS_EMBED_SWIFT_STANDARD_LIBRARIES = YES;
				BUNDLE_LOADER = "$(TEST_HOST)";
				CODE_SIGN_STYLE = Automatic;
				CURRENT_PROJECT_VERSION = 1;
				DEVELOPMENT_TEAM = T9ZVULXTV2;
				GENERATE_INFOPLIST_FILE = YES;
				IPHONEOS_DEPLOYMENT_TARGET = 15.5;
				MARKETING_VERSION = 1.0;
				PRODUCT_BUNDLE_IDENTIFIER = "Jamal-Gumasov.Reminders-swiftTests";
				PRODUCT_NAME = "$(TARGET_NAME)";
				SWIFT_EMIT_LOC_STRINGS = NO;
				SWIFT_VERSION = 5.0;
				TARGETED_DEVICE_FAMILY = "1,2";
				TEST_HOST = "$(BUILT_PRODUCTS_DIR)/Reminders_swift.app/Reminders_swift";
			};
			name = Debug;
		};
		106E36FC28951C8500EDC138 /* Release */ = {
			isa = XCBuildConfiguration;
			buildSettings = {
				ALWAYS_EMBED_SWIFT_STANDARD_LIBRARIES = YES;
				BUNDLE_LOADER = "$(TEST_HOST)";
				CODE_SIGN_STYLE = Automatic;
				CURRENT_PROJECT_VERSION = 1;
				DEVELOPMENT_TEAM = T9ZVULXTV2;
				GENERATE_INFOPLIST_FILE = YES;
				IPHONEOS_DEPLOYMENT_TARGET = 15.5;
				MARKETING_VERSION = 1.0;
				PRODUCT_BUNDLE_IDENTIFIER = "Jamal-Gumasov.Reminders-swiftTests";
				PRODUCT_NAME = "$(TARGET_NAME)";
				SWIFT_EMIT_LOC_STRINGS = NO;
				SWIFT_VERSION = 5.0;
				TARGETED_DEVICE_FAMILY = "1,2";
				TEST_HOST = "$(BUILT_PRODUCTS_DIR)/Reminders_swift.app/Reminders_swift";
			};
			name = Release;
		};
		106E36FE28951C8500EDC138 /* Debug */ = {
			isa = XCBuildConfiguration;
			buildSettings = {
				ALWAYS_EMBED_SWIFT_STANDARD_LIBRARIES = YES;
				CODE_SIGN_STYLE = Automatic;
				CURRENT_PROJECT_VERSION = 1;
				DEVELOPMENT_TEAM = T9ZVULXTV2;
				GENERATE_INFOPLIST_FILE = YES;
				MARKETING_VERSION = 1.0;
				PRODUCT_BUNDLE_IDENTIFIER = "Jamal-Gumasov.Reminders-swiftUITests";
				PRODUCT_NAME = "$(TARGET_NAME)";
				SWIFT_EMIT_LOC_STRINGS = NO;
				SWIFT_VERSION = 5.0;
				TARGETED_DEVICE_FAMILY = "1,2";
				TEST_TARGET_NAME = Reminders_swift;
			};
			name = Debug;
		};
		106E36FF28951C8500EDC138 /* Release */ = {
			isa = XCBuildConfiguration;
			buildSettings = {
				ALWAYS_EMBED_SWIFT_STANDARD_LIBRARIES = YES;
				CODE_SIGN_STYLE = Automatic;
				CURRENT_PROJECT_VERSION = 1;
				DEVELOPMENT_TEAM = T9ZVULXTV2;
				GENERATE_INFOPLIST_FILE = YES;
				MARKETING_VERSION = 1.0;
				PRODUCT_BUNDLE_IDENTIFIER = "Jamal-Gumasov.Reminders-swiftUITests";
				PRODUCT_NAME = "$(TARGET_NAME)";
				SWIFT_EMIT_LOC_STRINGS = NO;
				SWIFT_VERSION = 5.0;
				TARGETED_DEVICE_FAMILY = "1,2";
				TEST_TARGET_NAME = Reminders_swift;
			};
			name = Release;
		};
/* End XCBuildConfiguration section */

/* Begin XCConfigurationList section */
		106E36C528951C7F00EDC138 /* Build configuration list for PBXProject "Reminders_swift" */ = {
			isa = XCConfigurationList;
			buildConfigurations = (
				106E36F528951C8500EDC138 /* Debug */,
				106E36F628951C8500EDC138 /* Release */,
			);
			defaultConfigurationIsVisible = 0;
			defaultConfigurationName = Release;
		};
		106E36F728951C8500EDC138 /* Build configuration list for PBXNativeTarget "Reminders_swift" */ = {
			isa = XCConfigurationList;
			buildConfigurations = (
				106E36F828951C8500EDC138 /* Debug */,
				106E36F928951C8500EDC138 /* Release */,
			);
			defaultConfigurationIsVisible = 0;
			defaultConfigurationName = Release;
		};
		106E36FA28951C8500EDC138 /* Build configuration list for PBXNativeTarget "Reminders_swiftTests" */ = {
			isa = XCConfigurationList;
			buildConfigurations = (
				106E36FB28951C8500EDC138 /* Debug */,
				106E36FC28951C8500EDC138 /* Release */,
			);
			defaultConfigurationIsVisible = 0;
			defaultConfigurationName = Release;
		};
		106E36FD28951C8500EDC138 /* Build configuration list for PBXNativeTarget "Reminders_swiftUITests" */ = {
			isa = XCConfigurationList;
			buildConfigurations = (
				106E36FE28951C8500EDC138 /* Debug */,
				106E36FF28951C8500EDC138 /* Release */,
			);
			defaultConfigurationIsVisible = 0;
			defaultConfigurationName = Release;
		};
/* End XCConfigurationList section */

/* Begin XCVersionGroup section */
		106E36D628951C7F00EDC138 /* Reminders_swift.xcdatamodeld */ = {
			isa = XCVersionGroup;
			children = (
				106E36D728951C7F00EDC138 /* Reminders_swift.xcdatamodel */,
			);
			currentVersion = 106E36D728951C7F00EDC138 /* Reminders_swift.xcdatamodel */;
			path = Reminders_swift.xcdatamodeld;
			sourceTree = "<group>";
			versionGroupType = wrapper.xcdatamodel;
		};
/* End XCVersionGroup section */
	};
	rootObject = 106E36C228951C7F00EDC138 /* Project object */;
}
